
Microsoft Visual Studio Solution File, Format Version 12.00
# Visual Studio Version 17
VisualStudioVersion = 17.14.36414.22 d17.14
MinimumVisualStudioVersion = 10.0.40219.1
Project("{FAE04EC0-301F-11D3-BF4B-00C04F79EFBC}") = "Regis", "Regis.csproj", "{AE20A103-EDD5-40C2-BF62-8986ECAD7EB1}"
EndProject
Global
	GlobalSection(SolutionConfigurationPlatforms) = preSolution
		Debug|Any CPU = Debug|Any CPU
		Release|Any CPU = Release|Any CPU
	EndGlobalSection
	GlobalSection(ProjectConfigurationPlatforms) = postSolution
		{AE20A103-EDD5-40C2-BF62-8986ECAD7EB1}.Debug|Any CPU.ActiveCfg = Debug|Any CPU
		{AE20A103-EDD5-40C2-BF62-8986ECAD7EB1}.Debug|Any CPU.Build.0 = Debug|Any CPU
		{AE20A103-EDD5-40C2-BF62-8986ECAD7EB1}.Release|Any CPU.ActiveCfg = Release|Any CPU
		{AE20A103-EDD5-40C2-BF62-8986ECAD7EB1}.Release|Any CPU.Build.0 = Release|Any CPU
	EndGlobalSection
	GlobalSection(SolutionProperties) = preSolution
		HideSolutionNode = FALSE
	EndGlobalSection
	GlobalSection(ExtensibilityGlobals) = postSolution
		SolutionGuid = {D86DDE6B-D2CF-4F7D-B696-700C16D29829}
	EndGlobalSection
EndGlobal
